{
    "_readme": [
        "This file locks the dependencies of your project to a known state",
        "Read more about it at https://getcomposer.org/doc/01-basic-usage.md#composer-lock-the-lock-file",
        "This file is @generated automatically"
    ],
    "content-hash": "42d65f782c5ac867848d1f2ae67d836a",
    "packages": [
        {
            "name": "bouncers-book/bouncers-book",
            "version": "0.5.0",
            "source": {
                "type": "git",
                "url": "https://github.com/al-codepone/bouncers-book.git",
                "reference": "a74e3659ef09778fbbaf3879b2ba33b154576b31"
            },
            "dist": {
                "type": "zip",
                "url": "https://api.github.com/repos/al-codepone/bouncers-book/zipball/a74e3659ef09778fbbaf3879b2ba33b154576b31",
                "reference": "a74e3659ef09778fbbaf3879b2ba33b154576b31",
                "shasum": ""
            },
            "require": {
                "php": ">=5.3.0"
            },
            "type": "library",
            "autoload": {
                "psr-0": {
                    "bbook\\": "src/"
                }
            },
            "notification-url": "https://packagist.org/downloads/",
            "license": [
                "MIT"
            ],
            "authors": [
                {
                    "name": "Ry Ferguson",
                    "email": "rytf12@gmail.com",
                    "homepage": "http://ikitovagn.com",
                    "role": "Developer"
                }
            ],
            "description": "PHP form validator",
            "homepage": "https://github.com/al-codepone/bouncers-book",
            "keywords": [
                "Forms",
                "form",
                "validator"
            ],
            "time": "2014-08-12T17:31:36+00:00"
        },
        {
            "name": "corn-wand/corn-wand",
            "version": "0.5.1",
            "source": {
                "type": "git",
                "url": "https://github.com/al-codepone/corn-wand.git",
                "reference": "a2910783c2922ab0922917dc64080dfc491dec13"
            },
            "dist": {
                "type": "zip",
                "url": "https://api.github.com/repos/al-codepone/corn-wand/zipball/a2910783c2922ab0922917dc64080dfc491dec13",
                "reference": "a2910783c2922ab0922917dc64080dfc491dec13",
                "shasum": ""
            },
            "require": {
                "php": ">=5.3.0"
            },
            "type": "library",
            "autoload": {
                "files": [
                    "src/corn-wand.php"
                ]
            },
            "notification-url": "https://packagist.org/downloads/",
            "license": [
                "MIT"
            ],
            "authors": [
                {
                    "name": "Ry Ferguson",
                    "email": "rytf12@gmail.com",
                    "homepage": "http://ikitovagn.com",
                    "role": "Developer"
                }
            ],
            "description": "PHP functional library for generating HTML",
            "homepage": "https://github.com/al-codepone/corn-wand",
            "keywords": [
                "function",
                "functional",
                "functions",
                "html"
            ],
            "time": "2014-07-02T06:59:38+00:00"
        },
        {
            "name": "pajamasql/pajamasql",
            "version": "1.0.0",
            "source": {
                "type": "git",
                "url": "https://github.com/al-codepone/pajamaSQL.git",
                "reference": "982c9e25e010d46bc2855b411631805c2c5f847e"
            },
            "dist": {
                "type": "zip",
                "url": "https://api.github.com/repos/al-codepone/pajamaSQL/zipball/982c9e25e010d46bc2855b411631805c2c5f847e",
                "reference": "982c9e25e010d46bc2855b411631805c2c5f847e",
                "shasum": ""
            },
            "require": {
                "php": ">=5.6.0"
            },
            "require-dev": {
                "phpunit/phpunit": "^8"
            },
            "type": "library",
            "autoload": {
                "psr-0": {
                    "pjsql\\": "src/"
                }
            },
            "notification-url": "https://packagist.org/downloads/",
            "license": [
                "MIT"
            ],
            "authors": [
                {
                    "name": "Ry Ferguson",
                    "email": "rytf12@gmail.com",
                    "homepage": "http://ikitovagn.com",
                    "role": "Developer"
                }
            ],
            "description": "PHP SQL database layer",
            "homepage": "https://github.com/al-codepone/pajamaSQL",
            "keywords": [
                "model",
                "models",
                "sql"
            ],
            "time": "2019-10-16T15:38:31+00:00"
        },
        {
            "name": "paper-cello/paper-cello",
            "version": "0.6.0",
            "source": {
                "type": "git",
                "url": "https://github.com/al-codepone/paper-cello.git",
                "reference": "eaa3302d42d27f8218091ff9dc7f2994032e884c"
            },
            "dist": {
                "type": "zip",
                "url": "https://api.github.com/repos/al-codepone/paper-cello/zipball/eaa3302d42d27f8218091ff9dc7f2994032e884c",
                "reference": "eaa3302d42d27f8218091ff9dc7f2994032e884c",
                "shasum": ""
            },
            "require": {
                "php": ">=5.3.0"
            },
            "type": "library",
            "autoload": {
                "files": [
                    "src/paper-cello.php"
                ]
            },
            "notification-url": "https://packagist.org/downloads/",
            "license": [
                "MIT"
            ],
            "authors": [
                {
                    "name": "Ry Ferguson",
                    "email": "rytf12@gmail.com",
                    "homepage": "http://ikitovagn.com",
                    "role": "Developer"
                }
            ],
            "description": "miscellaneous PHP functions",
            "homepage": "https://github.com/al-codepone/paper-cello",
            "keywords": [
                "bcrypt",
                "clamp",
                "datetime",
                "hash",
                "paginate",
                "router",
                "sha1",
                "token"
            ],
            "time": "2016-02-28T20:29:54+00:00"
        }
    ],
    "packages-dev": [],
    "aliases": [],
    "minimum-stability": "stable",
    "stability-flags": [],
    "prefer-stable": false,
    "prefer-lowest": false,
    "platform": [],
    "platform-dev": []
}
